// !$*UTF8*$!
{
	archiveVersion = 1;
	classes = {
	};
	objectVersion = 56;
	objects = {

/* Begin PBXBuildFile section */
		DB92A9A82C118DAE00600710 /* Do_the_ThingApp.swift in Sources */ = {isa = PBXBuildFile; fileRef = DB92A9A72C118DAE00600710 /* Do_the_ThingApp.swift */; };
		DB92A9AA2C118DAE00600710 /* ContentView.swift in Sources */ = {isa = PBXBuildFile; fileRef = DB92A9A92C118DAE00600710 /* ContentView.swift */; };
		DB92A9AC2C118DAF00600710 /* Assets.xcassets in Resources */ = {isa = PBXBuildFile; fileRef = DB92A9AB2C118DAF00600710 /* Assets.xcassets */; };
		DB92A9AF2C118DAF00600710 /* Preview Assets.xcassets in Resources */ = {isa = PBXBuildFile; fileRef = DB92A9AE2C118DAF00600710 /* Preview Assets.xcassets */; };
		DB92A9B72C11A36300600710 /* HomeScreen_View.swift in Sources */ = {isa = PBXBuildFile; fileRef = DB92A9B62C11A36300600710 /* HomeScreen_View.swift */; };
		DB92A9BA2C11AFDC00600710 /* GoalView.swift in Sources */ = {isa = PBXBuildFile; fileRef = DB92A9B92C11AFDC00600710 /* GoalView.swift */; };
		DB92A9BD2C11B00F00600710 /* GoalStructure.swift in Sources */ = {isa = PBXBuildFile; fileRef = DB92A9BC2C11B00F00600710 /* GoalStructure.swift */; };
/* End PBXBuildFile section */

/* Begin PBXFileReference section */
		DB92A9A42C118DAE00600710 /* Do the Thing.app */ = {isa = PBXFileReference; explicitFileType = wrapper.application; includeInIndex = 0; path = "Do the Thing.app"; sourceTree = BUILT_PRODUCTS_DIR; };
		DB92A9A72C118DAE00600710 /* Do_the_ThingApp.swift */ = {isa = PBXFileReference; lastKnownFileType = sourcecode.swift; path = Do_the_ThingApp.swift; sourceTree = "<group>"; };
		DB92A9A92C118DAE00600710 /* ContentView.swift */ = {isa = PBXFileReference; lastKnownFileType = sourcecode.swift; path = ContentView.swift; sourceTree = "<group>"; };
		DB92A9AB2C118DAF00600710 /* Assets.xcassets */ = {isa = PBXFileReference; lastKnownFileType = folder.assetcatalog; path = Assets.xcassets; sourceTree = "<group>"; };
		DB92A9AE2C118DAF00600710 /* Preview Assets.xcassets */ = {isa = PBXFileReference; lastKnownFileType = folder.assetcatalog; path = "Preview Assets.xcassets"; sourceTree = "<group>"; };
		DB92A9B62C11A36300600710 /* HomeScreen_View.swift */ = {isa = PBXFileReference; lastKnownFileType = sourcecode.swift; path = HomeScreen_View.swift; sourceTree = "<group>"; };
		DB92A9B92C11AFDC00600710 /* GoalView.swift */ = {isa = PBXFileReference; lastKnownFileType = sourcecode.swift; path = GoalView.swift; sourceTree = "<group>"; };
		DB92A9BC2C11B00F00600710 /* GoalStructure.swift */ = {isa = PBXFileReference; lastKnownFileType = sourcecode.swift; path = GoalStructure.swift; sourceTree = "<group>"; };
/* End PBXFileReference section */

/* Begin PBXFrameworksBuildPhase section */
		DB92A9A12C118DAE00600710 /* Frameworks */ = {
			isa = PBXFrameworksBuildPhase;
			buildActionMask = 2147483647;
			files = (
			);
			runOnlyForDeploymentPostprocessing = 0;
		};
/* End PBXFrameworksBuildPhase section */

/* Begin PBXGroup section */
		DB92A99B2C118DAE00600710 = {
			isa = PBXGroup;
			children = (
				DB92A9A62C118DAE00600710 /* Do the Thing */,
				DB92A9A52C118DAE00600710 /* Products */,
			);
			sourceTree = "<group>";
		};
		DB92A9A52C118DAE00600710 /* Products */ = {
			isa = PBXGroup;
			children = (
				DB92A9A42C118DAE00600710 /* Do the Thing.app */,
			);
			name = Products;
			sourceTree = "<group>";
		};
		DB92A9A62C118DAE00600710 /* Do the Thing */ = {
			isa = PBXGroup;
			children = (
				DB92A9BB2C11AFF500600710 /* Structures */,
				DB92A9B82C11AFC600600710 /* Components */,
				DB92A9B52C11A34200600710 /* HomeView */,
				DB92A9A72C118DAE00600710 /* Do_the_ThingApp.swift */,
				DB92A9A92C118DAE00600710 /* ContentView.swift */,
				DB92A9AB2C118DAF00600710 /* Assets.xcassets */,
				DB92A9AD2C118DAF00600710 /* Preview Content */,
			);
			path = "Do the Thing";
			sourceTree = "<group>";
		};
		DB92A9AD2C118DAF00600710 /* Preview Content */ = {
			isa = PBXGroup;
			children = (
				DB92A9AE2C118DAF00600710 /* Preview Assets.xcassets */,
			);
			path = "Preview Content";
			sourceTree = "<group>";
		};
		DB92A9B52C11A34200600710 /* HomeView */ = {
			isa = PBXGroup;
			children = (
				DB92A9B62C11A36300600710 /* HomeScreen_View.swift */,
			);
			path = HomeView;
			sourceTree = "<group>";
		};
		DB92A9B82C11AFC600600710 /* Components */ = {
			isa = PBXGroup;
			children = (
				DB92A9B92C11AFDC00600710 /* GoalView.swift */,
			);
			path = Components;
			sourceTree = "<group>";
		};
		DB92A9BB2C11AFF500600710 /* Structures */ = {
			isa = PBXGroup;
			children = (
				DB92A9BC2C11B00F00600710 /* GoalStructure.swift */,
			);
			path = Structures;
			sourceTree = "<group>";
		};
/* End PBXGroup section */

/* Begin PBXNativeTarget section */
		DB92A9A32C118DAE00600710 /* Do the Thing */ = {
			isa = PBXNativeTarget;
			buildConfigurationList = DB92A9B22C118DAF00600710 /* Build configuration list for PBXNativeTarget "Do the Thing" */;
			buildPhases = (
				DB92A9A02C118DAE00600710 /* Sources */,
				DB92A9A12C118DAE00600710 /* Frameworks */,
				DB92A9A22C118DAE00600710 /* Resources */,
			);
			buildRules = (
			);
			dependencies = (
			);
			name = "Do the Thing";
			productName = "Do the Thing";
			productReference = DB92A9A42C118DAE00600710 /* Do the Thing.app */;
			productType = "com.apple.product-type.application";
		};
/* End PBXNativeTarget section */

/* Begin PBXProject section */
		DB92A99C2C118DAE00600710 /* Project object */ = {
			isa = PBXProject;
			attributes = {
				BuildIndependentTargetsInParallel = 1;
				LastSwiftUpdateCheck = 1540;
				LastUpgradeCheck = 1540;
				TargetAttributes = {
					DB92A9A32C118DAE00600710 = {
						CreatedOnToolsVersion = 15.4;
					};
				};
			};
			buildConfigurationList = DB92A99F2C118DAE00600710 /* Build configuration list for PBXProject "Do the Thing" */;
			compatibilityVersion = "Xcode 14.0";
			developmentRegion = en;
			hasScannedForEncodings = 0;
			knownRegions = (
				en,
				Base,
			);
			mainGroup = DB92A99B2C118DAE00600710;
			productRefGroup = DB92A9A52C118DAE00600710 /* Products */;
			projectDirPath = "";
			projectRoot = "";
			targets = (
				DB92A9A32C118DAE00600710 /* Do the Thing */,
			);
		};
/* End PBXProject section */

/* Begin PBXResourcesBuildPhase section */
		DB92A9A22C118DAE00600710 /* Resources */ = {
			isa = PBXResourcesBuildPhase;
			buildActionMask = 2147483647;
			files = (
				DB92A9AF2C118DAF00600710 /* Preview Assets.xcassets in Resources */,
				DB92A9AC2C118DAF00600710 /* Assets.xcassets in Resources */,
			);
			runOnlyForDeploymentPostprocessing = 0;
		};
/* End PBXResourcesBuildPhase section */

/* Begin PBXSourcesBuildPhase section */
		DB92A9A02C118DAE00600710 /* Sources */ = {
			isa = PBXSourcesBuildPhase;
			buildActionMask = 2147483647;
			files = (
				DB92A9B72C11A36300600710 /* HomeScreen_View.swift in Sources */,
				DB92A9AA2C118DAE00600710 /* ContentView.swift in Sources */,
				DB92A9BD2C11B00F00600710 /* GoalStructure.swift in Sources */,
				DB92A9A82C118DAE00600710 /* Do_the_ThingApp.swift in Sources */,
				DB92A9BA2C11AFDC00600710 /* GoalView.swift in Sources */,
			);
			runOnlyForDeploymentPostprocessing = 0;
		};
/* End PBXSourcesBuildPhase section */

/* Begin XCBuildConfiguration section */
		DB92A9B02C118DAF00600710 /* Debug */ = {
			isa = XCBuildConfiguration;
			buildSettings = {
				ALWAYS_SEARCH_USER_PATHS = NO;
				ASSETCATALOG_COMPILER_GENERATE_SWIFT_ASSET_SYMBOL_EXTENSIONS = YES;
				CLANG_ANALYZER_NONNULL = YES;
				CLANG_ANALYZER_NUMBER_OBJECT_CONVERSION = YES_AGGRESSIVE;
				CLANG_CXX_LANGUAGE_STANDARD = "gnu++20";
				CLANG_ENABLE_MODULES = YES;
				CLANG_ENABLE_OBJC_ARC = YES;
				CLANG_ENABLE_OBJC_WEAK = YES;
				CLANG_WARN_BLOCK_CAPTURE_AUTORELEASING = YES;
				CLANG_WARN_BOOL_CONVERSION = YES;
				CLANG_WARN_COMMA = YES;
				CLANG_WARN_CONSTANT_CONVERSION = YES;
				CLANG_WARN_DEPRECATED_OBJC_IMPLEMENTATIONS = YES;
				CLANG_WARN_DIRECT_OBJC_ISA_USAGE = YES_ERROR;
				CLANG_WARN_DOCUMENTATION_COMMENTS = YES;
				CLANG_WARN_EMPTY_BODY = YES;
				CLANG_WARN_ENUM_CONVERSION = YES;
				CLANG_WARN_INFINITE_RECURSION = YES;
				CLANG_WARN_INT_CONVERSION = YES;
				CLANG_WARN_NON_LITERAL_NULL_CONVERSION = YES;
				CLANG_WARN_OBJC_IMPLICIT_RETAIN_SELF = YES;
				CLANG_WARN_OBJC_LITERAL_CONVERSION = YES;
				CLANG_WARN_OBJC_ROOT_CLASS = YES_ERROR;
				CLANG_WARN_QUOTED_INCLUDE_IN_FRAMEWORK_HEADER = YES;
				CLANG_WARN_RANGE_LOOP_ANALYSIS = YES;
				CLANG_WARN_STRICT_PROTOTYPES = YES;
				CLANG_WARN_SUSPICIOUS_MOVE = YES;
				CLANG_WARN_UNGUARDED_AVAILABILITY = YES_AGGRESSIVE;
				CLANG_WARN_UNREACHABLE_CODE = YES;
				CLANG_WARN__DUPLICATE_METHOD_MATCH = YES;
				COPY_PHASE_STRIP = NO;
				DEBUG_INFORMATION_FORMAT = dwarf;
				ENABLE_STRICT_OBJC_MSGSEND = YES;
				ENABLE_TESTABILITY = YES;
				ENABLE_USER_SCRIPT_SANDBOXING = YES;
				GCC_C_LANGUAGE_STANDARD = gnu17;
				GCC_DYNAMIC_NO_PIC = NO;
				GCC_NO_COMMON_BLOCKS = YES;
				GCC_OPTIMIZATION_LEVEL = 0;
				GCC_PREPROCESSOR_DEFINITIONS = (
					"DEBUG=1",
					"$(inherited)",
				);
				GCC_WARN_64_TO_32_BIT_CONVERSION = YES;
				GCC_WARN_ABOUT_RETURN_TYPE = YES_ERROR;
				GCC_WARN_UNDECLARED_SELECTOR = YES;
				GCC_WARN_UNINITIALIZED_AUTOS = YES_AGGRESSIVE;
				GCC_WARN_UNUSED_FUNCTION = YES;
				GCC_WARN_UNUSED_VARIABLE = YES;
				IPHONEOS_DEPLOYMENT_TARGET = 17.5;
				LOCALIZATION_PREFERS_STRING_CATALOGS = YES;
				MTL_ENABLE_DEBUG_INFO = INCLUDE_SOURCE;
				MTL_FAST_MATH = YES;
				ONLY_ACTIVE_ARCH = YES;
				SDKROOT = iphoneos;
				SWIFT_ACTIVE_COMPILATION_CONDITIONS = "DEBUG $(inherited)";
				SWIFT_OPTIMIZATION_LEVEL = "-Onone";
			};
			name = Debug;
		};
		DB92A9B12C118DAF00600710 /* Release */ = {
			isa = XCBuildConfiguration;
			buildSettings = {
				ALWAYS_SEARCH_USER_PATHS = NO;
				ASSETCATALOG_COMPILER_GENERATE_SWIFT_ASSET_SYMBOL_EXTENSIONS = YES;
				CLANG_ANALYZER_NONNULL = YES;
				CLANG_ANALYZER_NUMBER_OBJECT_CONVERSION = YES_AGGRESSIVE;
				CLANG_CXX_LANGUAGE_STANDARD = "gnu++20";
				CLANG_ENABLE_MODULES = YES;
				CLANG_ENABLE_OBJC_ARC = YES;
				CLANG_ENABLE_OBJC_WEAK = YES;
				CLANG_WARN_BLOCK_CAPTURE_AUTORELEASING = YES;
				CLANG_WARN_BOOL_CONVERSION = YES;
				CLANG_WARN_COMMA = YES;
				CLANG_WARN_CONSTANT_CONVERSION = YES;
				CLANG_WARN_DEPRECATED_OBJC_IMPLEMENTATIONS = YES;
				CLANG_WARN_DIRECT_OBJC_ISA_USAGE = YES_ERROR;
				CLANG_WARN_DOCUMENTATION_COMMENTS = YES;
				CLANG_WARN_EMPTY_BODY = YES;
				CLANG_WARN_ENUM_CONVERSION = YES;
				CLANG_WARN_INFINITE_RECURSION = YES;
				CLANG_WARN_INT_CONVERSION = YES;
				CLANG_WARN_NON_LITERAL_NULL_CONVERSION = YES;
				CLANG_WARN_OBJC_IMPLICIT_RETAIN_SELF = YES;
				CLANG_WARN_OBJC_LITERAL_CONVERSION = YES;
				CLANG_WARN_OBJC_ROOT_CLASS = YES_ERROR;
				CLANG_WARN_QUOTED_INCLUDE_IN_FRAMEWORK_HEADER = YES;
				CLANG_WARN_RANGE_LOOP_ANALYSIS = YES;
				CLANG_WARN_STRICT_PROTOTYPES = YES;
				CLANG_WARN_SUSPICIOUS_MOVE = YES;
				CLANG_WARN_UNGUARDED_AVAILABILITY = YES_AGGRESSIVE;
				CLANG_WARN_UNREACHABLE_CODE = YES;
				CLANG_WARN__DUPLICATE_METHOD_MATCH = YES;
				COPY_PHASE_STRIP = NO;
				DEBUG_INFORMATION_FORMAT = "dwarf-with-dsym";
				ENABLE_NS_ASSERTIONS = NO;
				ENABLE_STRICT_OBJC_MSGSEND = YES;
				ENABLE_USER_SCRIPT_SANDBOXING = YES;
				GCC_C_LANGUAGE_STANDARD = gnu17;
				GCC_NO_COMMON_BLOCKS = YES;
				GCC_WARN_64_TO_32_BIT_CONVERSION = YES;
				GCC_WARN_ABOUT_RETURN_TYPE = YES_ERROR;
				GCC_WARN_UNDECLARED_SELECTOR = YES;
				GCC_WARN_UNINITIALIZED_AUTOS = YES_AGGRESSIVE;
				GCC_WARN_UNUSED_FUNCTION = YES;
				GCC_WARN_UNUSED_VARIABLE = YES;
				IPHONEOS_DEPLOYMENT_TARGET = 17.5;
				LOCALIZATION_PREFERS_STRING_CATALOGS = YES;
				MTL_ENABLE_DEBUG_INFO = NO;
				MTL_FAST_MATH = YES;
				SDKROOT = iphoneos;
				SWIFT_COMPILATION_MODE = wholemodule;
				VALIDATE_PRODUCT = YES;
			};
			name = Release;
		};
		DB92A9B32C118DAF00600710 /* Debug */ = {
			isa = XCBuildConfiguration;
			buildSettings = {
				ASSETCATALOG_COMPILER_APPICON_NAME = AppIcon;
				ASSETCATALOG_COMPILER_GLOBAL_ACCENT_COLOR_NAME = AccentColor;
				CODE_SIGN_STYLE = Automatic;
				CURRENT_PROJECT_VERSION = 1;
				DEVELOPMENT_ASSET_PATHS = "\"Do the Thing/Preview Content\"";
				DEVELOPMENT_TEAM = FC3RG2JLGW;
				ENABLE_PREVIEWS = YES;
				GENERATE_INFOPLIST_FILE = YES;
				INFOPLIST_KEY_UIApplicationSceneManifest_Generation = YES;
				INFOPLIST_KEY_UIApplicationSupportsIndirectInputEvents = YES;
				INFOPLIST_KEY_UILaunchScreen_Generation = YES;
				INFOPLIST_KEY_UISupportedInterfaceOrientations_iPad = "UIInterfaceOrientationPortrait UIInterfaceOrientationPortraitUpsideDown UIInterfaceOrientationLandscapeLeft UIInterfaceOrientationLandscapeRight";
				INFOPLIST_KEY_UISupportedInterfaceOrientations_iPhone = "UIInterfaceOrientationPortrait UIInterfaceOrientationLandscapeLeft UIInterfaceOrientationLandscapeRight";
				LD_RUNPATH_SEARCH_PATHS = (
					"$(inherited)",
					"@executable_path/Frameworks",
				);
				MARKETING_VERSION = 1.0;
				PRODUCT_BUNDLE_IDENTIFIER = "test.Do-the-Thing";
				PRODUCT_NAME = "$(TARGET_NAME)";
				SWIFT_EMIT_LOC_STRINGS = YES;
				SWIFT_VERSION = 5.0;
				TARGETED_DEVICE_FAMILY = "1,2";
			};
			name = Debug;
		};
		DB92A9B42C118DAF00600710 /* Release */ = {
			isa = XCBuildConfiguration;
			buildSettings = {
				ASSETCATALOG_COMPILER_APPICON_NAME = AppIcon;
				ASSETCATALOG_COMPILER_GLOBAL_ACCENT_COLOR_NAME = AccentColor;
				CODE_SIGN_STYLE = Automatic;
				CURRENT_PROJECT_VERSION = 1;
				DEVELOPMENT_ASSET_PATHS = "\"Do the Thing/Preview Content\"";
				DEVELOPMENT_TEAM = FC3RG2JLGW;
				ENABLE_PREVIEWS = YES;
				GENERATE_INFOPLIST_FILE = YES;
				INFOPLIST_KEY_UIApplicationSceneManifest_Generation = YES;
				INFOPLIST_KEY_UIApplicationSupportsIndirectInputEvents = YES;
				INFOPLIST_KEY_UILaunchScreen_Generation = YES;
				INFOPLIST_KEY_UISupportedInterfaceOrientations_iPad = "UIInterfaceOrientationPortrait UIInterfaceOrientationPortraitUpsideDown UIInterfaceOrientationLandscapeLeft UIInterfaceOrientationLandscapeRight";
				INFOPLIST_KEY_UISupportedInterfaceOrientations_iPhone = "UIInterfaceOrientationPortrait UIInterfaceOrientationLandscapeLeft UIInterfaceOrientationLandscapeRight";
				LD_RUNPATH_SEARCH_PATHS = (
					"$(inherited)",
					"@executable_path/Frameworks",
				);
				MARKETING_VERSION = 1.0;
				PRODUCT_BUNDLE_IDENTIFIER = "test.Do-the-Thing";
				PRODUCT_NAME = "$(TARGET_NAME)";
				SWIFT_EMIT_LOC_STRINGS = YES;
				SWIFT_VERSION = 5.0;
				TARGETED_DEVICE_FAMILY = "1,2";
			};
			name = Release;
		};
/* End XCBuildConfiguration section */

/* Begin XCConfigurationList section */
		DB92A99F2C118DAE00600710 /* Build configuration list for PBXProject "Do the Thing" */ = {
			isa = XCConfigurationList;
			buildConfigurations = (
				DB92A9B02C118DAF00600710 /* Debug */,
				DB92A9B12C118DAF00600710 /* Release */,
			);
			defaultConfigurationIsVisible = 0;
			defaultConfigurationName = Release;
		};
		DB92A9B22C118DAF00600710 /* Build configuration list for PBXNativeTarget "Do the Thing" */ = {
			isa = XCConfigurationList;
			buildConfigurations = (
				DB92A9B32C118DAF00600710 /* Debug */,
				DB92A9B42C118DAF00600710 /* Release */,
			);
			defaultConfigurationIsVisible = 0;
			defaultConfigurationName = Release;
		};
/* End XCConfigurationList section */
	};
	rootObject = DB92A99C2C118DAE00600710 /* Project object */;
}
